
Microsoft Visual Studio Solution File, Format Version 12.00
# Visual Studio Version 17
VisualStudioVersion = 17.10.35013.160
MinimumVisualStudioVersion = 10.0.40219.1
Project("{FAE04EC0-301F-11D3-BF4B-00C04F79EFBC}") = "PinewoodTestApplication", "PinewoodTestApplication\PinewoodTestApplication.csproj", "{C8CFF53A-1A71-4993-B181-C51A7E6839E6}"
EndProject
Global
	GlobalSection(SolutionConfigurationPlatforms) = preSolution
		Debug|Any CPU = Debug|Any CPU
		Release|Any CPU = Release|Any CPU
	EndGlobalSection
	GlobalSection(ProjectConfigurationPlatforms) = postSolution
		{C8CFF53A-1A71-4993-B181-C51A7E6839E6}.Debug|Any CPU.ActiveCfg = Debug|Any CPU
		{C8CFF53A-1A71-4993-B181-C51A7E6839E6}.Debug|Any CPU.Build.0 = Debug|Any CPU
		{C8CFF53A-1A71-4993-B181-C51A7E6839E6}.Release|Any CPU.ActiveCfg = Release|Any CPU
		{C8CFF53A-1A71-4993-B181-C51A7E6839E6}.Release|Any CPU.Build.0 = Release|Any CPU
	EndGlobalSection
	GlobalSection(SolutionProperties) = preSolution
		HideSolutionNode = FALSE
	EndGlobalSection
	GlobalSection(ExtensibilityGlobals) = postSolution
		SolutionGuid = {69BC556D-0174-4A43-9196-3F879C0B6144}
	EndGlobalSection
EndGlobal
